# THIS IS AN AUTOGENERATED FILE. DO NOT EDIT THIS FILE DIRECTLY.
# yarn lockfile v1


git-cz@^4.7.3:
  version "4.7.3"
  resolved "https://registry.yarnpkg.com/git-cz/-/git-cz-4.7.3.tgz#2dc67b0231937946f602fd0320f6c983c40f7071"
  integrity sha512-Z+iy1G5qsbICeHBj4EZI438C8T1bh+m953jTT5hcQZggzSnjDdrUahM7O+ETspr3f3iWXONqC8e+zMuDT+ODJg==
